{
    "name": "helloworld",
    "version": "1.0.0",
    "lockfileVersion": 1,
    "requires": true,
    "dependencies": {
        "cordova-plugin-sqlite-2": {
            "version": "1.0.5",
            "resolved": "https://registry.npmjs.org/cordova-plugin-sqlite-2/-/cordova-plugin-sqlite-2-1.0.5.tgz",
            "integrity": "sha512-ygfwPeBn3Pm9TXpQuTBETUsxTn5wRPkuYbasqDs4geCL21NPXa0An7hxNkMRKb0FMMjNEmMBrFS2MvZaJ0dQDQ=="
        },
        "cordova-sqlite-ext": {
            "version": "2.2.0",
            "resolved": "https://registry.npmjs.org/cordova-sqlite-ext/-/cordova-sqlite-ext-2.2.0.tgz",
            "integrity": "sha512-Nsqeuzma5X1dw2NhSI6jy0Wawyd4WowIzctMP43VXXd+AnzG7kpDJ7HKBA8a9uoe2xv0JVix/iFIUf8TBx9Ttg==",
            "requires": {
                "cordova-sqlite-ext-deps": "1.1.0"
            }
        },
        "cordova-sqlite-ext-deps": {
            "version": "1.1.0",
            "resolved": "https://registry.npmjs.org/cordova-sqlite-ext-deps/-/cordova-sqlite-ext-deps-1.1.0.tgz",
            "integrity": "sha512-1ofnG/pVjKYNexe4oSMoulZzqgeo5rCJ2YvRhA2pcqvfkmt5qRaTL5srUi/WollhaCqW0MAbZsonfHqY1ITLsg=="
        },
        "uk.co.workingedge.cordova.plugin.sqliteporter": {
            "version": "1.1.0",
            "resolved": "https://registry.npmjs.org/uk.co.workingedge.cordova.plugin.sqliteporter/-/uk.co.workingedge.cordova.plugin.sqliteporter-1.1.0.tgz",
            "integrity": "sha512-pWpuVw/gNRctchh4biMTOgX4LDK/I4AV2+wFsyNYIjb0VaBjKGM1cg1ec4vAp+U82bqNI421Ey/7c6ePfizXBQ=="
        }
    }
}
